// !$*UTF8*$!
{
	archiveVersion = 1;
	classes = {
	};
	objectVersion = 46;
	objects = {

/* Begin PBXBuildFile section */
		05AFF3BC15B3A5E9001295F5 /* UIKit.framework in Frameworks */ = {isa = PBXBuildFile; fileRef = 05AFF3BB15B3A5E9001295F5 /* UIKit.framework */; };
		05AFF3BE15B3A5E9001295F5 /* Foundation.framework in Frameworks */ = {isa = PBXBuildFile; fileRef = 05AFF3BD15B3A5E9001295F5 /* Foundation.framework */; };
		05AFF3C015B3A5E9001295F5 /* CoreGraphics.framework in Frameworks */ = {isa = PBXBuildFile; fileRef = 05AFF3BF15B3A5E9001295F5 /* CoreGraphics.framework */; };
		05AFF3C615B3A5E9001295F5 /* InfoPlist.strings in Resources */ = {isa = PBXBuildFile; fileRef = 05AFF3C415B3A5E9001295F5 /* InfoPlist.strings */; };
		05AFF3C815B3A5E9001295F5 /* main.m in Sources */ = {isa = PBXBuildFile; fileRef = 05AFF3C715B3A5E9001295F5 /* main.m */; };
		05AFF3CC15B3A5E9001295F5 /* AppDelegate.m in Sources */ = {isa = PBXBuildFile; fileRef = 05AFF3CB15B3A5E9001295F5 /* AppDelegate.m */; };
		05AFF3CF15B3A5E9001295F5 /* ViewController.m in Sources */ = {isa = PBXBuildFile; fileRef = 05AFF3CE15B3A5E9001295F5 /* ViewController.m */; };
		05AFF3D215B3A5E9001295F5 /* ViewController.xib in Resources */ = {isa = PBXBuildFile; fileRef = 05AFF3D015B3A5E9001295F5 /* ViewController.xib */; };
/* End PBXBuildFile section */

/* Begin PBXFileReference section */
		05AFF3B715B3A5E9001295F5 /* ShoppingLover.app */ = {isa = PBXFileReference; explicitFileType = wrapper.application; includeInIndex = 0; path = ShoppingLover.app; sourceTree = BUILT_PRODUCTS_DIR; };
		05AFF3BB15B3A5E9001295F5 /* UIKit.framework */ = {isa = PBXFileReference; lastKnownFileType = wrapper.framework; name = UIKit.framework; path = System/Library/Frameworks/UIKit.framework; sourceTree = SDKROOT; };
		05AFF3BD15B3A5E9001295F5 /* Foundation.framework */ = {isa = PBXFileReference; lastKnownFileType = wrapper.framework; name = Foundation.framework; path = System/Library/Frameworks/Foundation.framework; sourceTree = SDKROOT; };
		05AFF3BF15B3A5E9001295F5 /* CoreGraphics.framework */ = {isa = PBXFileReference; lastKnownFileType = wrapper.framework; name = CoreGraphics.framework; path = System/Library/Frameworks/CoreGraphics.framework; sourceTree = SDKROOT; };
		05AFF3C315B3A5E9001295F5 /* ShoppingLover-Info.plist */ = {isa = PBXFileReference; path = "ShoppingLover-Info.plist"; sourceTree = "<group>"; };
		05AFF3C515B3A5E9001295F5 /* en */ = {isa = PBXFileReference; lastKnownFileType = text.plist.strings; name = en; path = en.lproj/InfoPlist.strings; sourceTree = "<group>"; };
		05AFF3C715B3A5E9001295F5 /* main.m */ = {isa = PBXFileReference; lastKnownFileType = sourcecode.c.objc; path = main.m; sourceTree = "<group>"; };
		05AFF3C915B3A5E9001295F5 /* ShoppingLover-Prefix.pch */ = {isa = PBXFileReference; path = "ShoppingLover-Prefix.pch"; sourceTree = "<group>"; };
		05AFF3CA15B3A5E9001295F5 /* AppDelegate.h */ = {isa = PBXFileReference; path = AppDelegate.h; sourceTree = "<group>"; };
		05AFF3CB15B3A5E9001295F5 /* AppDelegate.m */ = {isa = PBXFileReference; lastKnownFileType = sourcecode.c.objc; path = AppDelegate.m; sourceTree = "<group>"; };
		05AFF3CD15B3A5E9001295F5 /* ViewController.h */ = {isa = PBXFileReference; path = ViewController.h; sourceTree = "<group>"; };
		05AFF3CE15B3A5E9001295F5 /* ViewController.m */ = {isa = PBXFileReference; lastKnownFileType = sourcecode.c.objc; path = ViewController.m; sourceTree = "<group>"; };
		05AFF3D115B3A5E9001295F5 /* en */ = {isa = PBXFileReference; lastKnownFileType = file.xib; name = en; path = en.lproj/ViewController.xib; sourceTree = "<group>"; };
/* End PBXFileReference section */

/* Begin PBXFrameworksBuildPhase section */
		05AFF3B415B3A5E9001295F5 /* Frameworks */ = {
			isa = PBXFrameworksBuildPhase;
			buildActionMask = 2147483647;
			files = (
				05AFF3BC15B3A5E9001295F5 /* UIKit.framework in Frameworks */,
				05AFF3BE15B3A5E9001295F5 /* Foundation.framework in Frameworks */,
				05AFF3C015B3A5E9001295F5 /* CoreGraphics.framework in Frameworks */,
			);
			runOnlyForDeploymentPostprocessing = 0;
		};
/* End PBXFrameworksBuildPhase section */

/* Begin PBXGroup section */
		05AFF3AC15B3A5E9001295F5 = {
			isa = PBXGroup;
			children = (
				05AFF3C115B3A5E9001295F5 /* ShoppingLover */,
				05AFF3BA15B3A5E9001295F5 /* Frameworks */,
				05AFF3B815B3A5E9001295F5 /* Products */,
			);
			sourceTree = "<group>";
		};
		05AFF3B815B3A5E9001295F5 /* Products */ = {
			isa = PBXGroup;
			children = (
				05AFF3B715B3A5E9001295F5 /* ShoppingLover.app */,
			);
			name = Products;
			sourceTree = "<group>";
		};
		05AFF3BA15B3A5E9001295F5 /* Frameworks */ = {
			isa = PBXGroup;
			children = (
				05AFF3BB15B3A5E9001295F5 /* UIKit.framework */,
				05AFF3BD15B3A5E9001295F5 /* Foundation.framework */,
				05AFF3BF15B3A5E9001295F5 /* CoreGraphics.framework */,
			);
			name = Frameworks;
			sourceTree = "<group>";
		};
		05AFF3C115B3A5E9001295F5 /* ShoppingLover */ = {
			isa = PBXGroup;
			children = (
				05AFF3CA15B3A5E9001295F5 /* AppDelegate.h */,
				05AFF3CB15B3A5E9001295F5 /* AppDelegate.m */,
				05AFF3CD15B3A5E9001295F5 /* ViewController.h */,
				05AFF3CE15B3A5E9001295F5 /* ViewController.m */,
				05AFF3D015B3A5E9001295F5 /* ViewController.xib */,
				05AFF3C215B3A5E9001295F5 /* Supporting Files */,
			);
			path = ShoppingLover;
			sourceTree = "<group>";
		};
		05AFF3C215B3A5E9001295F5 /* Supporting Files */ = {
			isa = PBXGroup;
			children = (
				05AFF3C315B3A5E9001295F5 /* ShoppingLover-Info.plist */,
				05AFF3C415B3A5E9001295F5 /* InfoPlist.strings */,
				05AFF3C715B3A5E9001295F5 /* main.m */,
				05AFF3C915B3A5E9001295F5 /* ShoppingLover-Prefix.pch */,
			);
			name = "Supporting Files";
			sourceTree = "<group>";
		};
/* End PBXGroup section */

/* Begin PBXNativeTarget section */
		05AFF3B615B3A5E9001295F5 /* ShoppingLover */ = {
			isa = PBXNativeTarget;
			buildConfigurationList = 05AFF3D515B3A5E9001295F5 /* Build configuration list for PBXNativeTarget "ShoppingLover" */;
			buildPhases = (
				05AFF3B315B3A5E9001295F5 /* Sources */,
				05AFF3B415B3A5E9001295F5 /* Frameworks */,
				05AFF3B515B3A5E9001295F5 /* Resources */,
			);
			buildRules = (
			);
			dependencies = (
			);
			name = ShoppingLover;
			productName = ShoppingLover;
			productReference = 05AFF3B715B3A5E9001295F5 /* ShoppingLover.app */;
			productType = "com.apple.product-type.application";
		};
/* End PBXNativeTarget section */

/* Begin PBXProject section */
		05AFF3AE15B3A5E9001295F5 /* Project object */ = {
			isa = PBXProject;
			attributes = {
				LastUpgradeCheck = 0430;
				ORGANIZATIONNAME = "Egibbon Inc.";
			};
			buildConfigurationList = 05AFF3B115B3A5E9001295F5 /* Build configuration list for PBXProject "ShoppingLover" */;
			compatibilityVersion = "Xcode 3.2";
			developmentRegion = English;
			hasScannedForEncodings = 0;
			knownRegions = (
				en,
			);
			mainGroup = 05AFF3AC15B3A5E9001295F5;
			productRefGroup = 05AFF3B815B3A5E9001295F5 /* Products */;
			projectDirPath = "";
			projectRoot = "";
			targets = (
				05AFF3B615B3A5E9001295F5 /* ShoppingLover */,
			);
		};
/* End PBXProject section */

/* Begin PBXResourcesBuildPhase section */
		05AFF3B515B3A5E9001295F5 /* Resources */ = {
			isa = PBXResourcesBuildPhase;
			buildActionMask = 2147483647;
			files = (
				05AFF3C615B3A5E9001295F5 /* InfoPlist.strings in Resources */,
				05AFF3D215B3A5E9001295F5 /* ViewController.xib in Resources */,
			);
			runOnlyForDeploymentPostprocessing = 0;
		};
/* End PBXResourcesBuildPhase section */

/* Begin PBXSourcesBuildPhase section */
		05AFF3B315B3A5E9001295F5 /* Sources */ = {
			isa = PBXSourcesBuildPhase;
			buildActionMask = 2147483647;
			files = (
				05AFF3C815B3A5E9001295F5 /* main.m in Sources */,
				05AFF3CC15B3A5E9001295F5 /* AppDelegate.m in Sources */,
				05AFF3CF15B3A5E9001295F5 /* ViewController.m in Sources */,
			);
			runOnlyForDeploymentPostprocessing = 0;
		};
/* End PBXSourcesBuildPhase section */

/* Begin PBXVariantGroup section */
		05AFF3C415B3A5E9001295F5 /* InfoPlist.strings */ = {
			isa = PBXVariantGroup;
			children = (
				05AFF3C515B3A5E9001295F5 /* en */,
			);
			name = InfoPlist.strings;
			sourceTree = "<group>";
		};
		05AFF3D015B3A5E9001295F5 /* ViewController.xib */ = {
			isa = PBXVariantGroup;
			children = (
				05AFF3D115B3A5E9001295F5 /* en */,
			);
			name = ViewController.xib;
			sourceTree = "<group>";
		};
/* End PBXVariantGroup section */

/* Begin XCBuildConfiguration section */
		05AFF3D315B3A5E9001295F5 /* Debug */ = {
			isa = XCBuildConfiguration;
			buildSettings = {
				ALWAYS_SEARCH_USER_PATHS = NO;
				ARCHS = "$(ARCHS_STANDARD_32_BIT)";
				"CODE_SIGN_IDENTITY[sdk=iphoneos*]" = "iPhone Developer";
				COPY_PHASE_STRIP = NO;
				GCC_C_LANGUAGE_STANDARD = gnu99;
				GCC_DYNAMIC_NO_PIC = NO;
				GCC_OPTIMIZATION_LEVEL = 0;
				GCC_PREPROCESSOR_DEFINITIONS = (
					"DEBUG=1",
					"$(inherited)",
				);
				GCC_SYMBOLS_PRIVATE_EXTERN = NO;
				GCC_VERSION = com.apple.compilers.llvm.clang.1_0;
				GCC_WARN_ABOUT_RETURN_TYPE = YES;
				GCC_WARN_UNINITIALIZED_AUTOS = YES;
				GCC_WARN_UNUSED_VARIABLE = YES;
				IPHONEOS_DEPLOYMENT_TARGET = 5.1;
				SDKROOT = iphoneos;
			};
			name = Debug;
		};
		05AFF3D415B3A5E9001295F5 /* Release */ = {
			isa = XCBuildConfiguration;
			buildSettings = {
				ALWAYS_SEARCH_USER_PATHS = NO;
				ARCHS = "$(ARCHS_STANDARD_32_BIT)";
				"CODE_SIGN_IDENTITY[sdk=iphoneos*]" = "iPhone Developer";
				COPY_PHASE_STRIP = YES;
				GCC_C_LANGUAGE_STANDARD = gnu99;
				GCC_VERSION = com.apple.compilers.llvm.clang.1_0;
				GCC_WARN_ABOUT_RETURN_TYPE = YES;
				GCC_WARN_UNINITIALIZED_AUTOS = YES;
				GCC_WARN_UNUSED_VARIABLE = YES;
				IPHONEOS_DEPLOYMENT_TARGET = 5.1;
				OTHER_CFLAGS = "-DNS_BLOCK_ASSERTIONS=1";
				SDKROOT = iphoneos;
				VALIDATE_PRODUCT = YES;
			};
			name = Release;
		};
		05AFF3D615B3A5E9001295F5 /* Debug */ = {
			isa = XCBuildConfiguration;
			buildSettings = {
				GCC_PRECOMPILE_PREFIX_HEADER = YES;
				GCC_PREFIX_HEADER = "ShoppingLover/ShoppingLover-Prefix.pch";
				INFOPLIST_FILE = "ShoppingLover/ShoppingLover-Info.plist";
				PRODUCT_NAME = "$(TARGET_NAME)";
				WRAPPER_EXTENSION = app;
			};
			name = Debug;
		};
		05AFF3D715B3A5E9001295F5 /* Release */ = {
			isa = XCBuildConfiguration;
			buildSettings = {
				GCC_PRECOMPILE_PREFIX_HEADER = YES;
				GCC_PREFIX_HEADER = "ShoppingLover/ShoppingLover-Prefix.pch";
				INFOPLIST_FILE = "ShoppingLover/ShoppingLover-Info.plist";
				PRODUCT_NAME = "$(TARGET_NAME)";
				WRAPPER_EXTENSION = app;
			};
			name = Release;
		};
/* End XCBuildConfiguration section */

/* Begin XCConfigurationList section */
		05AFF3B115B3A5E9001295F5 /* Build configuration list for PBXProject "ShoppingLover" */ = {
			isa = XCConfigurationList;
			buildConfigurations = (
				05AFF3D315B3A5E9001295F5 /* Debug */,
				05AFF3D415B3A5E9001295F5 /* Release */,
			);
			defaultConfigurationIsVisible = 0;
			defaultConfigurationName = Release;
		};
		05AFF3D515B3A5E9001295F5 /* Build configuration list for PBXNativeTarget "ShoppingLover" */ = {
			isa = XCConfigurationList;
			buildConfigurations = (
				05AFF3D615B3A5E9001295F5 /* Debug */,
				05AFF3D715B3A5E9001295F5 /* Release */,
			);
			defaultConfigurationIsVisible = 0;
		};
/* End XCConfigurationList section */
	};
	rootObject = 05AFF3AE15B3A5E9001295F5 /* Project object */;
}
